
Microsoft Visual Studio Solution File, Format Version 12.00
# Visual Studio Version 17
VisualStudioVersion = 17.0.32112.339
MinimumVisualStudioVersion = 10.0.40219.1
Project("{FAE04EC0-301F-11D3-BF4B-00C04F79EFBC}") = "lab3", "lab4\lab3.csproj", "{F2BAFF38-ECF1-4692-9458-3BA8329FA6E6}"
EndProject
Global
	GlobalSection(SolutionConfigurationPlatforms) = preSolution
		Debug|Any CPU = Debug|Any CPU
		Debug|x64 = Debug|x64
		Release|Any CPU = Release|Any CPU
		Release|x64 = Release|x64
	EndGlobalSection
	GlobalSection(ProjectConfigurationPlatforms) = postSolution
		{F2BAFF38-ECF1-4692-9458-3BA8329FA6E6}.Debug|Any CPU.ActiveCfg = Debug|Any CPU
		{F2BAFF38-ECF1-4692-9458-3BA8329FA6E6}.Debug|Any CPU.Build.0 = Debug|Any CPU
		{F2BAFF38-ECF1-4692-9458-3BA8329FA6E6}.Debug|x64.ActiveCfg = Debug|x64
		{F2BAFF38-ECF1-4692-9458-3BA8329FA6E6}.Debug|x64.Build.0 = Debug|x64
		{F2BAFF38-ECF1-4692-9458-3BA8329FA6E6}.Release|Any CPU.ActiveCfg = Release|Any CPU
		{F2BAFF38-ECF1-4692-9458-3BA8329FA6E6}.Release|Any CPU.Build.0 = Release|Any CPU
		{F2BAFF38-ECF1-4692-9458-3BA8329FA6E6}.Release|x64.ActiveCfg = Release|x64
		{F2BAFF38-ECF1-4692-9458-3BA8329FA6E6}.Release|x64.Build.0 = Release|x64
	EndGlobalSection
	GlobalSection(SolutionProperties) = preSolution
		HideSolutionNode = FALSE
	EndGlobalSection
	GlobalSection(ExtensibilityGlobals) = postSolution
		SolutionGuid = {B29FD84E-3B68-41AB-81F2-11AE22021F3D}
	EndGlobalSection
EndGlobal
